{
  "requires": true,
  "lockfileVersion": 1,
  "dependencies": {
    "@xeokit/xeokit-sdk": {
      "version": "0.9.96",
      "resolved": "https://registry.npmjs.org/@xeokit/xeokit-sdk/-/xeokit-sdk-0.9.96.tgz",
      "integrity": "sha512-RTboYUxGOgxsAc8NcLe89MgNqYkM/gL5PF91YCno391Re3YiRhGOW4u3hEYywq37o12/U1NcXT8zi4jbl5zBkQ=="
    }
  }
}
